# THIS IS AN AUTOGENERATED FILE. DO NOT EDIT THIS FILE DIRECTLY.
# yarn lockfile v1


commander@^7.1.0:
  version "7.1.0"
  resolved "https://registry.yarnpkg.com/commander/-/commander-7.1.0.tgz#f2eaecf131f10e36e07d894698226e36ae0eb5ff"
  integrity sha512-pRxBna3MJe6HKnBGsDyMv8ETbptw3axEdYHoqNh7gu5oDcew8fs0xnivZGm06Ogk8zGAJ9VX+OPEr2GXEQK4dg==

luxon@^2.5.2:
  version "2.5.2"
  resolved "https://registry.yarnpkg.com/luxon/-/luxon-2.5.2.tgz#17ed497f0277e72d58a4756d6a9abee4681457b6"
  integrity sha512-Yg7/RDp4nedqmLgyH0LwgGRvMEKVzKbUdkBYyCosbHgJ+kaOUx0qzSiSatVc3DFygnirTPYnMM2P5dg2uH1WvA==

sprintf@^0.1.5:
  version "0.1.5"
  resolved "https://registry.yarnpkg.com/sprintf/-/sprintf-0.1.5.tgz#8f83e39a9317c1a502cb7db8050e51c679f6edcf"
  integrity sha1-j4PjmpMXwaUCy324BQ5Rxnn27c8=
