# THIS IS AN AUTOGENERATED FILE. DO NOT EDIT THIS FILE DIRECTLY.
# yarn lockfile v1


ccxt@^1.18.1149:
  version "1.18.1149"
  resolved "https://registry.yarnpkg.com/ccxt/-/ccxt-1.18.1149.tgz#fc48252900a49f669f322a9b2bc922a545c6bbe6"
  integrity sha512-c7s4lTjEdL8xNIL9ulNy/AS94H9KLB4IfqaEEWTMbfbooUW2GMuHRrb4q+CFYQsmtwxpehdafO5oPzVhtyvJFw==

commander@^3.0.1:
  version "3.0.1"
  resolved "https://registry.yarnpkg.com/commander/-/commander-3.0.1.tgz#4595aec3530525e671fb6f85fb173df8ff8bf57a"
  integrity sha512-UNgvDd+csKdc9GD4zjtkHKQbT8Aspt2jCBqNSPp53vAS0L1tS9sXB2TCEOPHJ7kt9bN/niWkYj8T3RQSoMXdSQ==

dotenv@^8.1.0:
  version "8.1.0"
  resolved "https://registry.yarnpkg.com/dotenv/-/dotenv-8.1.0.tgz#d811e178652bfb8a1e593c6dd704ec7e90d85ea2"
  integrity sha512-GUE3gqcDCaMltj2++g6bRQ5rBJWtkWTmqmD0fo1RnnMuUqHNCt2oTPeDnS9n6fKYvlhn7AeBkb38lymBtWBQdA==

nan@^2.13.2:
  version "2.14.0"
  resolved "https://registry.yarnpkg.com/nan/-/nan-2.14.0.tgz#7818f722027b2459a86f0295d434d1fc2336c52c"
  integrity sha512-INOFj37C7k3AfaNTtX8RhsTw7qRy7eLET14cROi9+5HAVbbHuIWUHEauBv5qT4Av2tWasiTY1Jw6puUNqRJXQg==

talib@^1.1.2:
  version "1.1.2"
  resolved "https://registry.yarnpkg.com/talib/-/talib-1.1.2.tgz#d4b02d63e26261b386056f1569bb1e04af32bf47"
  integrity sha512-uoUTUAhG8pti+VuQg7wrhFnebxdf35Bm/KmSh1WSyQVZbghKF8hXCaDTgVBAGH9kxZq4Cy1yZ6VCI0BfqJAtaA==
  dependencies:
    nan "^2.13.2"
